
Microsoft Visual Studio Solution File, Format Version 12.00
# Visual Studio Version 16
VisualStudioVersion = 16.0.30804.86
MinimumVisualStudioVersion = 10.0.40219.1
Project("{FAE04EC0-301F-11D3-BF4B-00C04F79EFBC}") = "XamarinTests.Android", "XamarinTests.Android\XamarinTests.Android.csproj", "{AEE93BD0-886A-41D7-8BD6-CF99F11BA724}"
EndProject
Project("{FAE04EC0-301F-11D3-BF4B-00C04F79EFBC}") = "XamarinTests.iOS", "XamarinTests.iOS\XamarinTests.iOS.csproj", "{DADF6C78-423E-43AE-B06D-64F412A8BD8A}"
EndProject
Project("{FAE04EC0-301F-11D3-BF4B-00C04F79EFBC}") = "XamarinTests", "XamarinTests\XamarinTests.csproj", "{2AC78F1B-FDBD-4B19-B756-E17C71126CE9}"
EndProject
Global
	GlobalSection(SolutionConfigurationPlatforms) = preSolution
		Debug|Any CPU = Debug|Any CPU
		Debug|iPhone = Debug|iPhone
		Debug|iPhoneSimulator = Debug|iPhoneSimulator
		Release|Any CPU = Release|Any CPU
		Release|iPhone = Release|iPhone
		Release|iPhoneSimulator = Release|iPhoneSimulator
	EndGlobalSection
	GlobalSection(ProjectConfigurationPlatforms) = postSolution
		{AEE93BD0-886A-41D7-8BD6-CF99F11BA724}.Debug|Any CPU.ActiveCfg = Debug|Any CPU
		{AEE93BD0-886A-41D7-8BD6-CF99F11BA724}.Debug|Any CPU.Build.0 = Debug|Any CPU
		{AEE93BD0-886A-41D7-8BD6-CF99F11BA724}.Debug|Any CPU.Deploy.0 = Debug|Any CPU
		{AEE93BD0-886A-41D7-8BD6-CF99F11BA724}.Debug|iPhone.ActiveCfg = Debug|Any CPU
		{AEE93BD0-886A-41D7-8BD6-CF99F11BA724}.Debug|iPhone.Build.0 = Debug|Any CPU
		{AEE93BD0-886A-41D7-8BD6-CF99F11BA724}.Debug|iPhone.Deploy.0 = Debug|Any CPU
		{AEE93BD0-886A-41D7-8BD6-CF99F11BA724}.Debug|iPhoneSimulator.ActiveCfg = Debug|Any CPU
		{AEE93BD0-886A-41D7-8BD6-CF99F11BA724}.Debug|iPhoneSimulator.Build.0 = Debug|Any CPU
		{AEE93BD0-886A-41D7-8BD6-CF99F11BA724}.Debug|iPhoneSimulator.Deploy.0 = Debug|Any CPU
		{AEE93BD0-886A-41D7-8BD6-CF99F11BA724}.Release|Any CPU.ActiveCfg = Release|Any CPU
		{AEE93BD0-886A-41D7-8BD6-CF99F11BA724}.Release|Any CPU.Build.0 = Release|Any CPU
		{AEE93BD0-886A-41D7-8BD6-CF99F11BA724}.Release|Any CPU.Deploy.0 = Release|Any CPU
		{AEE93BD0-886A-41D7-8BD6-CF99F11BA724}.Release|iPhone.ActiveCfg = Release|Any CPU
		{AEE93BD0-886A-41D7-8BD6-CF99F11BA724}.Release|iPhone.Build.0 = Release|Any CPU
		{AEE93BD0-886A-41D7-8BD6-CF99F11BA724}.Release|iPhone.Deploy.0 = Release|Any CPU
		{AEE93BD0-886A-41D7-8BD6-CF99F11BA724}.Release|iPhoneSimulator.ActiveCfg = Release|Any CPU
		{AEE93BD0-886A-41D7-8BD6-CF99F11BA724}.Release|iPhoneSimulator.Build.0 = Release|Any CPU
		{AEE93BD0-886A-41D7-8BD6-CF99F11BA724}.Release|iPhoneSimulator.Deploy.0 = Release|Any CPU
		{DADF6C78-423E-43AE-B06D-64F412A8BD8A}.Debug|Any CPU.ActiveCfg = Debug|iPhone
		{DADF6C78-423E-43AE-B06D-64F412A8BD8A}.Debug|Any CPU.Build.0 = Debug|iPhone
		{DADF6C78-423E-43AE-B06D-64F412A8BD8A}.Debug|Any CPU.Deploy.0 = Debug|iPhone
		{DADF6C78-423E-43AE-B06D-64F412A8BD8A}.Debug|iPhone.ActiveCfg = Debug|iPhone
		{DADF6C78-423E-43AE-B06D-64F412A8BD8A}.Debug|iPhone.Build.0 = Debug|iPhone
		{DADF6C78-423E-43AE-B06D-64F412A8BD8A}.Debug|iPhone.Deploy.0 = Debug|iPhone
		{DADF6C78-423E-43AE-B06D-64F412A8BD8A}.Debug|iPhoneSimulator.ActiveCfg = Debug|iPhoneSimulator
		{DADF6C78-423E-43AE-B06D-64F412A8BD8A}.Debug|iPhoneSimulator.Build.0 = Debug|iPhoneSimulator
		{DADF6C78-423E-43AE-B06D-64F412A8BD8A}.Debug|iPhoneSimulator.Deploy.0 = Debug|iPhoneSimulator
		{DADF6C78-423E-43AE-B06D-64F412A8BD8A}.Release|Any CPU.ActiveCfg = Release|iPhoneSimulator
		{DADF6C78-423E-43AE-B06D-64F412A8BD8A}.Release|Any CPU.Build.0 = Release|iPhoneSimulator
		{DADF6C78-423E-43AE-B06D-64F412A8BD8A}.Release|Any CPU.Deploy.0 = Release|iPhoneSimulator
		{DADF6C78-423E-43AE-B06D-64F412A8BD8A}.Release|iPhone.ActiveCfg = Release|iPhone
		{DADF6C78-423E-43AE-B06D-64F412A8BD8A}.Release|iPhone.Build.0 = Release|iPhone
		{DADF6C78-423E-43AE-B06D-64F412A8BD8A}.Release|iPhone.Deploy.0 = Release|iPhone
		{DADF6C78-423E-43AE-B06D-64F412A8BD8A}.Release|iPhoneSimulator.ActiveCfg = Release|iPhoneSimulator
		{DADF6C78-423E-43AE-B06D-64F412A8BD8A}.Release|iPhoneSimulator.Build.0 = Release|iPhoneSimulator
		{DADF6C78-423E-43AE-B06D-64F412A8BD8A}.Release|iPhoneSimulator.Deploy.0 = Release|iPhoneSimulator
		{2AC78F1B-FDBD-4B19-B756-E17C71126CE9}.Debug|Any CPU.ActiveCfg = Debug|Any CPU
		{2AC78F1B-FDBD-4B19-B756-E17C71126CE9}.Debug|Any CPU.Build.0 = Debug|Any CPU
		{2AC78F1B-FDBD-4B19-B756-E17C71126CE9}.Debug|Any CPU.Deploy.0 = Debug|Any CPU
		{2AC78F1B-FDBD-4B19-B756-E17C71126CE9}.Debug|iPhone.ActiveCfg = Debug|Any CPU
		{2AC78F1B-FDBD-4B19-B756-E17C71126CE9}.Debug|iPhone.Build.0 = Debug|Any CPU
		{2AC78F1B-FDBD-4B19-B756-E17C71126CE9}.Debug|iPhone.Deploy.0 = Debug|Any CPU
		{2AC78F1B-FDBD-4B19-B756-E17C71126CE9}.Debug|iPhoneSimulator.ActiveCfg = Debug|Any CPU
		{2AC78F1B-FDBD-4B19-B756-E17C71126CE9}.Debug|iPhoneSimulator.Build.0 = Debug|Any CPU
		{2AC78F1B-FDBD-4B19-B756-E17C71126CE9}.Debug|iPhoneSimulator.Deploy.0 = Debug|Any CPU
		{2AC78F1B-FDBD-4B19-B756-E17C71126CE9}.Release|Any CPU.ActiveCfg = Release|Any CPU
		{2AC78F1B-FDBD-4B19-B756-E17C71126CE9}.Release|Any CPU.Build.0 = Release|Any CPU
		{2AC78F1B-FDBD-4B19-B756-E17C71126CE9}.Release|Any CPU.Deploy.0 = Release|Any CPU
		{2AC78F1B-FDBD-4B19-B756-E17C71126CE9}.Release|iPhone.ActiveCfg = Release|Any CPU
		{2AC78F1B-FDBD-4B19-B756-E17C71126CE9}.Release|iPhone.Build.0 = Release|Any CPU
		{2AC78F1B-FDBD-4B19-B756-E17C71126CE9}.Release|iPhone.Deploy.0 = Release|Any CPU
		{2AC78F1B-FDBD-4B19-B756-E17C71126CE9}.Release|iPhoneSimulator.ActiveCfg = Release|Any CPU
		{2AC78F1B-FDBD-4B19-B756-E17C71126CE9}.Release|iPhoneSimulator.Build.0 = Release|Any CPU
		{2AC78F1B-FDBD-4B19-B756-E17C71126CE9}.Release|iPhoneSimulator.Deploy.0 = Release|Any CPU
	EndGlobalSection
	GlobalSection(SolutionProperties) = preSolution
		HideSolutionNode = FALSE
	EndGlobalSection
	GlobalSection(ExtensibilityGlobals) = postSolution
		SolutionGuid = {7A192B16-C858-4D84-9DF6-344290660500}
	EndGlobalSection
EndGlobal
